// !$*UTF8*$!
{
	archiveVersion = 1;
	classes = {
	};
	objectVersion = 48;
	objects = {

/* Begin PBXBuildFile section */
		091BBE0B20B309760066ECD9 /* PhotoDataConfig.swift in Sources */ = {isa = PBXBuildFile; fileRef = 091BBE0A20B309760066ECD9 /* PhotoDataConfig.swift */; };
		091BBE0E20B42D140066ECD9 /* LibraryView.swift in Sources */ = {isa = PBXBuildFile; fileRef = 091BBE0D20B42D140066ECD9 /* LibraryView.swift */; };
		092446F620BED10E000D5912 /* PhotoView.swift in Sources */ = {isa = PBXBuildFile; fileRef = 092446F520BED10E000D5912 /* PhotoView.swift */; };
		0924471820C02AC4000D5912 /* DataSruct.swift in Sources */ = {isa = PBXBuildFile; fileRef = 0924471720C02AC4000D5912 /* DataSruct.swift */; };
		092B9C8620AB0A2000E5D03D /* AppDelegate.swift in Sources */ = {isa = PBXBuildFile; fileRef = 092B9C8520AB0A2000E5D03D /* AppDelegate.swift */; };
		092B9C8B20AB0A2000E5D03D /* Main.storyboard in Resources */ = {isa = PBXBuildFile; fileRef = 092B9C8920AB0A2000E5D03D /* Main.storyboard */; };
		092B9C8D20AB0A2000E5D03D /* Assets.xcassets in Resources */ = {isa = PBXBuildFile; fileRef = 092B9C8C20AB0A2000E5D03D /* Assets.xcassets */; };
		092B9C9020AB0A2000E5D03D /* LaunchScreen.storyboard in Resources */ = {isa = PBXBuildFile; fileRef = 092B9C8E20AB0A2000E5D03D /* LaunchScreen.storyboard */; };
		0941BA4020AC137700A15C02 /* AddChellengeViewController.swift in Sources */ = {isa = PBXBuildFile; fileRef = 0941BA3F20AC137700A15C02 /* AddChellengeViewController.swift */; };
		0941BA4220AC142D00A15C02 /* LibraryCollectionViewCell.swift in Sources */ = {isa = PBXBuildFile; fileRef = 0941BA4120AC142D00A15C02 /* LibraryCollectionViewCell.swift */; };
		0941BA4420AC148000A15C02 /* ServerRequests.swift in Sources */ = {isa = PBXBuildFile; fileRef = 0941BA4320AC148000A15C02 /* ServerRequests.swift */; };
		59536D66947EC2E1D9AE6E7F /* Pods_InAction.framework in Frameworks */ = {isa = PBXBuildFile; fileRef = 0F551C2E618363BF2C8C5EC3 /* Pods_InAction.framework */; };
/* End PBXBuildFile section */

/* Begin PBXFileReference section */
		091BBE0A20B309760066ECD9 /* PhotoDataConfig.swift */ = {isa = PBXFileReference; lastKnownFileType = sourcecode.swift; path = PhotoDataConfig.swift; sourceTree = "<group>"; };
		091BBE0D20B42D140066ECD9 /* LibraryView.swift */ = {isa = PBXFileReference; lastKnownFileType = sourcecode.swift; path = LibraryView.swift; sourceTree = "<group>"; };
		092446F520BED10E000D5912 /* PhotoView.swift */ = {isa = PBXFileReference; lastKnownFileType = sourcecode.swift; path = PhotoView.swift; sourceTree = "<group>"; };
		0924471720C02AC4000D5912 /* DataSruct.swift */ = {isa = PBXFileReference; lastKnownFileType = sourcecode.swift; path = DataSruct.swift; sourceTree = "<group>"; };
		092B9C8220AB0A2000E5D03D /* InAction.app */ = {isa = PBXFileReference; explicitFileType = wrapper.application; includeInIndex = 0; path = InAction.app; sourceTree = BUILT_PRODUCTS_DIR; };
		092B9C8520AB0A2000E5D03D /* AppDelegate.swift */ = {isa = PBXFileReference; lastKnownFileType = sourcecode.swift; path = AppDelegate.swift; sourceTree = "<group>"; };
		092B9C8A20AB0A2000E5D03D /* Base */ = {isa = PBXFileReference; lastKnownFileType = file.storyboard; name = Base; path = Base.lproj/Main.storyboard; sourceTree = "<group>"; };
		092B9C8C20AB0A2000E5D03D /* Assets.xcassets */ = {isa = PBXFileReference; lastKnownFileType = folder.assetcatalog; path = Assets.xcassets; sourceTree = "<group>"; };
		092B9C8F20AB0A2000E5D03D /* Base */ = {isa = PBXFileReference; lastKnownFileType = file.storyboard; name = Base; path = Base.lproj/LaunchScreen.storyboard; sourceTree = "<group>"; };
		092B9C9120AB0A2000E5D03D /* Info.plist */ = {isa = PBXFileReference; lastKnownFileType = text.plist.xml; path = Info.plist; sourceTree = "<group>"; };
		0941BA3F20AC137700A15C02 /* AddChellengeViewController.swift */ = {isa = PBXFileReference; lastKnownFileType = sourcecode.swift; path = AddChellengeViewController.swift; sourceTree = "<group>"; };
		0941BA4120AC142D00A15C02 /* LibraryCollectionViewCell.swift */ = {isa = PBXFileReference; lastKnownFileType = sourcecode.swift; path = LibraryCollectionViewCell.swift; sourceTree = "<group>"; };
		0941BA4320AC148000A15C02 /* ServerRequests.swift */ = {isa = PBXFileReference; lastKnownFileType = sourcecode.swift; path = ServerRequests.swift; sourceTree = "<group>"; };
		0F551C2E618363BF2C8C5EC3 /* Pods_InAction.framework */ = {isa = PBXFileReference; explicitFileType = wrapper.framework; includeInIndex = 0; path = Pods_InAction.framework; sourceTree = BUILT_PRODUCTS_DIR; };
		34FE9DD926409A1C10AE2E4E /* Pods-InAction.release.xcconfig */ = {isa = PBXFileReference; includeInIndex = 1; lastKnownFileType = text.xcconfig; name = "Pods-InAction.release.xcconfig"; path = "Pods/Target Support Files/Pods-InAction/Pods-InAction.release.xcconfig"; sourceTree = "<group>"; };
		A38F09682CE267E58D1F6DD2 /* Pods-InAction.debug.xcconfig */ = {isa = PBXFileReference; includeInIndex = 1; lastKnownFileType = text.xcconfig; name = "Pods-InAction.debug.xcconfig"; path = "Pods/Target Support Files/Pods-InAction/Pods-InAction.debug.xcconfig"; sourceTree = "<group>"; };
/* End PBXFileReference section */

/* Begin PBXFrameworksBuildPhase section */
		092B9C7F20AB0A2000E5D03D /* Frameworks */ = {
			isa = PBXFrameworksBuildPhase;
			buildActionMask = 2147483647;
			files = (
				59536D66947EC2E1D9AE6E7F /* Pods_InAction.framework in Frameworks */,
			);
			runOnlyForDeploymentPostprocessing = 0;
		};
/* End PBXFrameworksBuildPhase section */

/* Begin PBXGroup section */
		092446D220B82DD3000D5912 /* Photo */ = {
			isa = PBXGroup;
			children = (
				092446F520BED10E000D5912 /* PhotoView.swift */,
			);
			path = Photo;
			sourceTree = "<group>";
		};
		092B9C7920AB0A2000E5D03D = {
			isa = PBXGroup;
			children = (
				092B9C8420AB0A2000E5D03D /* InAction */,
				092B9C8320AB0A2000E5D03D /* Products */,
				DBB58A66DD1F2A7533A0BD3F /* Pods */,
				0BDD2B2988D8E6FCA009705E /* Frameworks */,
			);
			sourceTree = "<group>";
		};
		092B9C8320AB0A2000E5D03D /* Products */ = {
			isa = PBXGroup;
			children = (
				092B9C8220AB0A2000E5D03D /* InAction.app */,
			);
			name = Products;
			sourceTree = "<group>";
		};
		092B9C8420AB0A2000E5D03D /* InAction */ = {
			isa = PBXGroup;
			children = (
				092B9C8520AB0A2000E5D03D /* AppDelegate.swift */,
				0924471720C02AC4000D5912 /* DataSruct.swift */,
				0941BA4320AC148000A15C02 /* ServerRequests.swift */,
				092B9C8920AB0A2000E5D03D /* Main.storyboard */,
				092B9C8E20AB0A2000E5D03D /* LaunchScreen.storyboard */,
				0941BA4520AC588100A15C02 /* AddChellenge */,
				092B9C8C20AB0A2000E5D03D /* Assets.xcassets */,
				092B9C9120AB0A2000E5D03D /* Info.plist */,
			);
			path = InAction;
			sourceTree = "<group>";
		};
		0941BA4520AC588100A15C02 /* AddChellenge */ = {
			isa = PBXGroup;
			children = (
				0941BA3F20AC137700A15C02 /* AddChellengeViewController.swift */,
				0941BA4620AD8BFB00A15C02 /* Library */,
				092446D220B82DD3000D5912 /* Photo */,
			);
			path = AddChellenge;
			sourceTree = "<group>";
		};
		0941BA4620AD8BFB00A15C02 /* Library */ = {
			isa = PBXGroup;
			children = (
				091BBE0D20B42D140066ECD9 /* LibraryView.swift */,
				0941BA4120AC142D00A15C02 /* LibraryCollectionViewCell.swift */,
				091BBE0A20B309760066ECD9 /* PhotoDataConfig.swift */,
			);
			path = Library;
			sourceTree = "<group>";
		};
		0BDD2B2988D8E6FCA009705E /* Frameworks */ = {
			isa = PBXGroup;
			children = (
				0F551C2E618363BF2C8C5EC3 /* Pods_InAction.framework */,
			);
			name = Frameworks;
			sourceTree = "<group>";
		};
		DBB58A66DD1F2A7533A0BD3F /* Pods */ = {
			isa = PBXGroup;
			children = (
				A38F09682CE267E58D1F6DD2 /* Pods-InAction.debug.xcconfig */,
				34FE9DD926409A1C10AE2E4E /* Pods-InAction.release.xcconfig */,
			);
			name = Pods;
			sourceTree = "<group>";
		};
/* End PBXGroup section */

/* Begin PBXNativeTarget section */
		092B9C8120AB0A2000E5D03D /* InAction */ = {
			isa = PBXNativeTarget;
			buildConfigurationList = 092B9C9420AB0A2000E5D03D /* Build configuration list for PBXNativeTarget "InAction" */;
			buildPhases = (
				4F6558AB1A69F763F872C913 /* [CP] Check Pods Manifest.lock */,
				092B9C7E20AB0A2000E5D03D /* Sources */,
				092B9C7F20AB0A2000E5D03D /* Frameworks */,
				092B9C8020AB0A2000E5D03D /* Resources */,
				674D0AA57D8E86B787F6EBE0 /* [CP] Embed Pods Frameworks */,
			);
			buildRules = (
			);
			dependencies = (
			);
			name = InAction;
			productName = InAction;
			productReference = 092B9C8220AB0A2000E5D03D /* InAction.app */;
			productType = "com.apple.product-type.application";
		};
/* End PBXNativeTarget section */

/* Begin PBXProject section */
		092B9C7A20AB0A2000E5D03D /* Project object */ = {
			isa = PBXProject;
			attributes = {
				LastSwiftUpdateCheck = 0920;
				LastUpgradeCheck = 0920;
				ORGANIZATIONNAME = "Pavel Vasylchenko";
				TargetAttributes = {
					092B9C8120AB0A2000E5D03D = {
						CreatedOnToolsVersion = 9.2;
						ProvisioningStyle = Automatic;
					};
				};
			};
			buildConfigurationList = 092B9C7D20AB0A2000E5D03D /* Build configuration list for PBXProject "InAction" */;
			compatibilityVersion = "Xcode 8.0";
			developmentRegion = en;
			hasScannedForEncodings = 0;
			knownRegions = (
				en,
				Base,
			);
			mainGroup = 092B9C7920AB0A2000E5D03D;
			productRefGroup = 092B9C8320AB0A2000E5D03D /* Products */;
			projectDirPath = "";
			projectRoot = "";
			targets = (
				092B9C8120AB0A2000E5D03D /* InAction */,
			);
		};
/* End PBXProject section */

/* Begin PBXResourcesBuildPhase section */
		092B9C8020AB0A2000E5D03D /* Resources */ = {
			isa = PBXResourcesBuildPhase;
			buildActionMask = 2147483647;
			files = (
				092B9C9020AB0A2000E5D03D /* LaunchScreen.storyboard in Resources */,
				092B9C8D20AB0A2000E5D03D /* Assets.xcassets in Resources */,
				092B9C8B20AB0A2000E5D03D /* Main.storyboard in Resources */,
			);
			runOnlyForDeploymentPostprocessing = 0;
		};
/* End PBXResourcesBuildPhase section */

/* Begin PBXShellScriptBuildPhase section */
		4F6558AB1A69F763F872C913 /* [CP] Check Pods Manifest.lock */ = {
			isa = PBXShellScriptBuildPhase;
			buildActionMask = 2147483647;
			files = (
			);
			inputPaths = (
				"${PODS_PODFILE_DIR_PATH}/Podfile.lock",
				"${PODS_ROOT}/Manifest.lock",
			);
			name = "[CP] Check Pods Manifest.lock";
			outputPaths = (
				"$(DERIVED_FILE_DIR)/Pods-InAction-checkManifestLockResult.txt",
			);
			runOnlyForDeploymentPostprocessing = 0;
			shellPath = /bin/sh;
			shellScript = "diff \"${PODS_PODFILE_DIR_PATH}/Podfile.lock\" \"${PODS_ROOT}/Manifest.lock\" > /dev/null\nif [ $? != 0 ] ; then\n    # print error to STDERR\n    echo \"error: The sandbox is not in sync with the Podfile.lock. Run 'pod install' or update your CocoaPods installation.\" >&2\n    exit 1\nfi\n# This output is used by Xcode 'outputs' to avoid re-running this script phase.\necho \"SUCCESS\" > \"${SCRIPT_OUTPUT_FILE_0}\"\n";
			showEnvVarsInLog = 0;
		};
		674D0AA57D8E86B787F6EBE0 /* [CP] Embed Pods Frameworks */ = {
			isa = PBXShellScriptBuildPhase;
			buildActionMask = 2147483647;
			files = (
			);
			inputPaths = (
				"${SRCROOT}/Pods/Target Support Files/Pods-InAction/Pods-InAction-frameworks.sh",
				"${BUILT_PRODUCTS_DIR}/Alamofire/Alamofire.framework",
				"${BUILT_PRODUCTS_DIR}/KeychainAccess/KeychainAccess.framework",
				"${BUILT_PRODUCTS_DIR}/Kingfisher/Kingfisher.framework",
				"${BUILT_PRODUCTS_DIR}/SwifterSwift/SwifterSwift.framework",
			);
			name = "[CP] Embed Pods Frameworks";
			outputPaths = (
				"${TARGET_BUILD_DIR}/${FRAMEWORKS_FOLDER_PATH}/Alamofire.framework",
				"${TARGET_BUILD_DIR}/${FRAMEWORKS_FOLDER_PATH}/KeychainAccess.framework",
				"${TARGET_BUILD_DIR}/${FRAMEWORKS_FOLDER_PATH}/Kingfisher.framework",
				"${TARGET_BUILD_DIR}/${FRAMEWORKS_FOLDER_PATH}/SwifterSwift.framework",
			);
			runOnlyForDeploymentPostprocessing = 0;
			shellPath = /bin/sh;
			shellScript = "\"${SRCROOT}/Pods/Target Support Files/Pods-InAction/Pods-InAction-frameworks.sh\"\n";
			showEnvVarsInLog = 0;
		};
/* End PBXShellScriptBuildPhase section */

/* Begin PBXSourcesBuildPhase section */
		092B9C7E20AB0A2000E5D03D /* Sources */ = {
			isa = PBXSourcesBuildPhase;
			buildActionMask = 2147483647;
			files = (
				091BBE0B20B309760066ECD9 /* PhotoDataConfig.swift in Sources */,
				0941BA4020AC137700A15C02 /* AddChellengeViewController.swift in Sources */,
				092446F620BED10E000D5912 /* PhotoView.swift in Sources */,
				091BBE0E20B42D140066ECD9 /* LibraryView.swift in Sources */,
				0941BA4220AC142D00A15C02 /* LibraryCollectionViewCell.swift in Sources */,
				0924471820C02AC4000D5912 /* DataSruct.swift in Sources */,
				0941BA4420AC148000A15C02 /* ServerRequests.swift in Sources */,
				092B9C8620AB0A2000E5D03D /* AppDelegate.swift in Sources */,
			);
			runOnlyForDeploymentPostprocessing = 0;
		};
/* End PBXSourcesBuildPhase section */

/* Begin PBXVariantGroup section */
		092B9C8920AB0A2000E5D03D /* Main.storyboard */ = {
			isa = PBXVariantGroup;
			children = (
				092B9C8A20AB0A2000E5D03D /* Base */,
			);
			name = Main.storyboard;
			sourceTree = "<group>";
		};
		092B9C8E20AB0A2000E5D03D /* LaunchScreen.storyboard */ = {
			isa = PBXVariantGroup;
			children = (
				092B9C8F20AB0A2000E5D03D /* Base */,
			);
			name = LaunchScreen.storyboard;
			sourceTree = "<group>";
		};
/* End PBXVariantGroup section */

/* Begin XCBuildConfiguration section */
		092B9C9220AB0A2000E5D03D /* Debug */ = {
			isa = XCBuildConfiguration;
			buildSettings = {
				ALWAYS_SEARCH_USER_PATHS = NO;
				CLANG_ANALYZER_NONNULL = YES;
				CLANG_ANALYZER_NUMBER_OBJECT_CONVERSION = YES_AGGRESSIVE;
				CLANG_CXX_LANGUAGE_STANDARD = "gnu++14";
				CLANG_CXX_LIBRARY = "libc++";
				CLANG_ENABLE_MODULES = YES;
				CLANG_ENABLE_OBJC_ARC = YES;
				CLANG_WARN_BLOCK_CAPTURE_AUTORELEASING = YES;
				CLANG_WARN_BOOL_CONVERSION = YES;
				CLANG_WARN_COMMA = YES;
				CLANG_WARN_CONSTANT_CONVERSION = YES;
				CLANG_WARN_DIRECT_OBJC_ISA_USAGE = YES_ERROR;
				CLANG_WARN_DOCUMENTATION_COMMENTS = YES;
				CLANG_WARN_EMPTY_BODY = YES;
				CLANG_WARN_ENUM_CONVERSION = YES;
				CLANG_WARN_INFINITE_RECURSION = YES;
				CLANG_WARN_INT_CONVERSION = YES;
				CLANG_WARN_NON_LITERAL_NULL_CONVERSION = YES;
				CLANG_WARN_OBJC_LITERAL_CONVERSION = YES;
				CLANG_WARN_OBJC_ROOT_CLASS = YES_ERROR;
				CLANG_WARN_RANGE_LOOP_ANALYSIS = YES;
				CLANG_WARN_STRICT_PROTOTYPES = YES;
				CLANG_WARN_SUSPICIOUS_MOVE = YES;
				CLANG_WARN_UNGUARDED_AVAILABILITY = YES_AGGRESSIVE;
				CLANG_WARN_UNREACHABLE_CODE = YES;
				CLANG_WARN__DUPLICATE_METHOD_MATCH = YES;
				CODE_SIGN_IDENTITY = "iPhone Developer";
				COPY_PHASE_STRIP = NO;
				DEBUG_INFORMATION_FORMAT = dwarf;
				ENABLE_STRICT_OBJC_MSGSEND = YES;
				ENABLE_TESTABILITY = YES;
				GCC_C_LANGUAGE_STANDARD = gnu11;
				GCC_DYNAMIC_NO_PIC = NO;
				GCC_NO_COMMON_BLOCKS = YES;
				GCC_OPTIMIZATION_LEVEL = 0;
				GCC_PREPROCESSOR_DEFINITIONS = (
					"DEBUG=1",
					"$(inherited)",
				);
				GCC_WARN_64_TO_32_BIT_CONVERSION = YES;
				GCC_WARN_ABOUT_RETURN_TYPE = YES_ERROR;
				GCC_WARN_UNDECLARED_SELECTOR = YES;
				GCC_WARN_UNINITIALIZED_AUTOS = YES_AGGRESSIVE;
				GCC_WARN_UNUSED_FUNCTION = YES;
				GCC_WARN_UNUSED_VARIABLE = YES;
				IPHONEOS_DEPLOYMENT_TARGET = 11.2;
				MTL_ENABLE_DEBUG_INFO = YES;
				ONLY_ACTIVE_ARCH = YES;
				SDKROOT = iphoneos;
				SWIFT_ACTIVE_COMPILATION_CONDITIONS = DEBUG;
				SWIFT_OPTIMIZATION_LEVEL = "-Onone";
			};
			name = Debug;
		};
		092B9C9320AB0A2000E5D03D /* Release */ = {
			isa = XCBuildConfiguration;
			buildSettings = {
				ALWAYS_SEARCH_USER_PATHS = NO;
				CLANG_ANALYZER_NONNULL = YES;
				CLANG_ANALYZER_NUMBER_OBJECT_CONVERSION = YES_AGGRESSIVE;
				CLANG_CXX_LANGUAGE_STANDARD = "gnu++14";
				CLANG_CXX_LIBRARY = "libc++";
				CLANG_ENABLE_MODULES = YES;
				CLANG_ENABLE_OBJC_ARC = YES;
				CLANG_WARN_BLOCK_CAPTURE_AUTORELEASING = YES;
				CLANG_WARN_BOOL_CONVERSION = YES;
				CLANG_WARN_COMMA = YES;
				CLANG_WARN_CONSTANT_CONVERSION = YES;
				CLANG_WARN_DIRECT_OBJC_ISA_USAGE = YES_ERROR;
				CLANG_WARN_DOCUMENTATION_COMMENTS = YES;
				CLANG_WARN_EMPTY_BODY = YES;
				CLANG_WARN_ENUM_CONVERSION = YES;
				CLANG_WARN_INFINITE_RECURSION = YES;
				CLANG_WARN_INT_CONVERSION = YES;
				CLANG_WARN_NON_LITERAL_NULL_CONVERSION = YES;
				CLANG_WARN_OBJC_LITERAL_CONVERSION = YES;
				CLANG_WARN_OBJC_ROOT_CLASS = YES_ERROR;
				CLANG_WARN_RANGE_LOOP_ANALYSIS = YES;
				CLANG_WARN_STRICT_PROTOTYPES = YES;
				CLANG_WARN_SUSPICIOUS_MOVE = YES;
				CLANG_WARN_UNGUARDED_AVAILABILITY = YES_AGGRESSIVE;
				CLANG_WARN_UNREACHABLE_CODE = YES;
				CLANG_WARN__DUPLICATE_METHOD_MATCH = YES;
				CODE_SIGN_IDENTITY = "iPhone Developer";
				COPY_PHASE_STRIP = NO;
				DEBUG_INFORMATION_FORMAT = "dwarf-with-dsym";
				ENABLE_NS_ASSERTIONS = NO;
				ENABLE_STRICT_OBJC_MSGSEND = YES;
				GCC_C_LANGUAGE_STANDARD = gnu11;
				GCC_NO_COMMON_BLOCKS = YES;
				GCC_WARN_64_TO_32_BIT_CONVERSION = YES;
				GCC_WARN_ABOUT_RETURN_TYPE = YES_ERROR;
				GCC_WARN_UNDECLARED_SELECTOR = YES;
				GCC_WARN_UNINITIALIZED_AUTOS = YES_AGGRESSIVE;
				GCC_WARN_UNUSED_FUNCTION = YES;
				GCC_WARN_UNUSED_VARIABLE = YES;
				IPHONEOS_DEPLOYMENT_TARGET = 11.2;
				MTL_ENABLE_DEBUG_INFO = NO;
				SDKROOT = iphoneos;
				SWIFT_OPTIMIZATION_LEVEL = "-Owholemodule";
				VALIDATE_PRODUCT = YES;
			};
			name = Release;
		};
		092B9C9520AB0A2000E5D03D /* Debug */ = {
			isa = XCBuildConfiguration;
			baseConfigurationReference = A38F09682CE267E58D1F6DD2 /* Pods-InAction.debug.xcconfig */;
			buildSettings = {
				ASSETCATALOG_COMPILER_APPICON_NAME = AppIcon;
				CODE_SIGN_STYLE = Automatic;
				DEVELOPMENT_TEAM = L9LN6HRQKL;
				INFOPLIST_FILE = InAction/Info.plist;
				IPHONEOS_DEPLOYMENT_TARGET = 10.0;
				LD_RUNPATH_SEARCH_PATHS = "$(inherited) @executable_path/Frameworks";
				PRODUCT_BUNDLE_IDENTIFIER = com.pavelvasylchenko.InAction;
				PRODUCT_NAME = "$(TARGET_NAME)";
				SWIFT_VERSION = 4.0;
				TARGETED_DEVICE_FAMILY = "1,2";
			};
			name = Debug;
		};
		092B9C9620AB0A2000E5D03D /* Release */ = {
			isa = XCBuildConfiguration;
			baseConfigurationReference = 34FE9DD926409A1C10AE2E4E /* Pods-InAction.release.xcconfig */;
			buildSettings = {
				ASSETCATALOG_COMPILER_APPICON_NAME = AppIcon;
				CODE_SIGN_STYLE = Automatic;
				DEVELOPMENT_TEAM = L9LN6HRQKL;
				INFOPLIST_FILE = InAction/Info.plist;
				IPHONEOS_DEPLOYMENT_TARGET = 10.0;
				LD_RUNPATH_SEARCH_PATHS = "$(inherited) @executable_path/Frameworks";
				PRODUCT_BUNDLE_IDENTIFIER = com.pavelvasylchenko.InAction;
				PRODUCT_NAME = "$(TARGET_NAME)";
				SWIFT_VERSION = 4.0;
				TARGETED_DEVICE_FAMILY = "1,2";
			};
			name = Release;
		};
/* End XCBuildConfiguration section */

/* Begin XCConfigurationList section */
		092B9C7D20AB0A2000E5D03D /* Build configuration list for PBXProject "InAction" */ = {
			isa = XCConfigurationList;
			buildConfigurations = (
				092B9C9220AB0A2000E5D03D /* Debug */,
				092B9C9320AB0A2000E5D03D /* Release */,
			);
			defaultConfigurationIsVisible = 0;
			defaultConfigurationName = Release;
		};
		092B9C9420AB0A2000E5D03D /* Build configuration list for PBXNativeTarget "InAction" */ = {
			isa = XCConfigurationList;
			buildConfigurations = (
				092B9C9520AB0A2000E5D03D /* Debug */,
				092B9C9620AB0A2000E5D03D /* Release */,
			);
			defaultConfigurationIsVisible = 0;
			defaultConfigurationName = Release;
		};
/* End XCConfigurationList section */
	};
	rootObject = 092B9C7A20AB0A2000E5D03D /* Project object */;
}
